
Microsoft Visual Studio Solution File, Format Version 12.00
# Visual Studio Version 17
VisualStudioVersion = 17.14.36915.13 d17.14
MinimumVisualStudioVersion = 10.0.40219.1
Project("{FAE04EC0-301F-11D3-BF4B-00C04F79EFBC}") = "SnakeProject-BE", "SnakeProject-BE\SnakeProject-BE.csproj", "{684E1108-B678-4F5A-B8F8-EE7DDED98B9C}"
EndProject
Global
	GlobalSection(SolutionConfigurationPlatforms) = preSolution
		Debug|Any CPU = Debug|Any CPU
		Release|Any CPU = Release|Any CPU
	EndGlobalSection
	GlobalSection(ProjectConfigurationPlatforms) = postSolution
		{684E1108-B678-4F5A-B8F8-EE7DDED98B9C}.Debug|Any CPU.ActiveCfg = Debug|Any CPU
		{684E1108-B678-4F5A-B8F8-EE7DDED98B9C}.Debug|Any CPU.Build.0 = Debug|Any CPU
		{684E1108-B678-4F5A-B8F8-EE7DDED98B9C}.Release|Any CPU.ActiveCfg = Release|Any CPU
		{684E1108-B678-4F5A-B8F8-EE7DDED98B9C}.Release|Any CPU.Build.0 = Release|Any CPU
	EndGlobalSection
	GlobalSection(SolutionProperties) = preSolution
		HideSolutionNode = FALSE
	EndGlobalSection
	GlobalSection(ExtensibilityGlobals) = postSolution
		SolutionGuid = {AD84A8C6-EFE2-4CCA-BAE4-C715F59601D8}
	EndGlobalSection
EndGlobal
